
Microsoft Visual Studio Solution File, Format Version 12.00
# Visual Studio Version 17
VisualStudioVersion = 17.4.33205.214
MinimumVisualStudioVersion = 10.0.40219.1
Project("{FAE04EC0-301F-11D3-BF4B-00C04F79EFBC}") = "RealEstateAPI", "RealEstateAPI\RealEstateAPI.csproj", "{4D7F7FE6-A1E6-4B8D-801B-54AFBEB1D300}"
EndProject
Global
	GlobalSection(SolutionConfigurationPlatforms) = preSolution
		Debug|Any CPU = Debug|Any CPU
		Release|Any CPU = Release|Any CPU
	EndGlobalSection
	GlobalSection(ProjectConfigurationPlatforms) = postSolution
		{4D7F7FE6-A1E6-4B8D-801B-54AFBEB1D300}.Debug|Any CPU.ActiveCfg = Debug|Any CPU
		{4D7F7FE6-A1E6-4B8D-801B-54AFBEB1D300}.Debug|Any CPU.Build.0 = Debug|Any CPU
		{4D7F7FE6-A1E6-4B8D-801B-54AFBEB1D300}.Release|Any CPU.ActiveCfg = Release|Any CPU
		{4D7F7FE6-A1E6-4B8D-801B-54AFBEB1D300}.Release|Any CPU.Build.0 = Release|Any CPU
	EndGlobalSection
	GlobalSection(SolutionProperties) = preSolution
		HideSolutionNode = FALSE
	EndGlobalSection
	GlobalSection(ExtensibilityGlobals) = postSolution
		SolutionGuid = {8C28A5C8-D64F-464D-819E-B0126A628DB1}
	EndGlobalSection
EndGlobal
